
Microsoft Visual Studio Solution File, Format Version 12.00
# Visual Studio Version 17
VisualStudioVersion = 17.3.32901.215
MinimumVisualStudioVersion = 10.0.40219.1
Project("{FAE04EC0-301F-11D3-BF4B-00C04F79EFBC}") = "ASP_2_Lesson", "ASP_2_Lesson.csproj", "{AA807584-BF8B-4D74-8D03-0737A9EB32EC}"
EndProject
Global
	GlobalSection(SolutionConfigurationPlatforms) = preSolution
		Debug|Any CPU = Debug|Any CPU
		Release|Any CPU = Release|Any CPU
	EndGlobalSection
	GlobalSection(ProjectConfigurationPlatforms) = postSolution
		{AA807584-BF8B-4D74-8D03-0737A9EB32EC}.Debug|Any CPU.ActiveCfg = Debug|Any CPU
		{AA807584-BF8B-4D74-8D03-0737A9EB32EC}.Debug|Any CPU.Build.0 = Debug|Any CPU
		{AA807584-BF8B-4D74-8D03-0737A9EB32EC}.Release|Any CPU.ActiveCfg = Release|Any CPU
		{AA807584-BF8B-4D74-8D03-0737A9EB32EC}.Release|Any CPU.Build.0 = Release|Any CPU
	EndGlobalSection
	GlobalSection(SolutionProperties) = preSolution
		HideSolutionNode = FALSE
	EndGlobalSection
	GlobalSection(ExtensibilityGlobals) = postSolution
		SolutionGuid = {9BFBA8F3-B84A-455B-99D4-6D3ABDECF58F}
	EndGlobalSection
EndGlobal
